
Microsoft Visual Studio Solution File, Format Version 12.00
# Visual Studio Version 17
VisualStudioVersion = 17.7.34202.233
MinimumVisualStudioVersion = 10.0.40219.1
Project("{FAE04EC0-301F-11D3-BF4B-00C04F79EFBC}") = "ExtraVert", "ExtraVert\ExtraVert.csproj", "{37966C29-2B43-41A7-A763-17AAFAAC5825}"
EndProject
Global
	GlobalSection(SolutionConfigurationPlatforms) = preSolution
		Debug|Any CPU = Debug|Any CPU
		Release|Any CPU = Release|Any CPU
	EndGlobalSection
	GlobalSection(ProjectConfigurationPlatforms) = postSolution
		{37966C29-2B43-41A7-A763-17AAFAAC5825}.Debug|Any CPU.ActiveCfg = Debug|Any CPU
		{37966C29-2B43-41A7-A763-17AAFAAC5825}.Debug|Any CPU.Build.0 = Debug|Any CPU
		{37966C29-2B43-41A7-A763-17AAFAAC5825}.Release|Any CPU.ActiveCfg = Release|Any CPU
		{37966C29-2B43-41A7-A763-17AAFAAC5825}.Release|Any CPU.Build.0 = Release|Any CPU
	EndGlobalSection
	GlobalSection(SolutionProperties) = preSolution
		HideSolutionNode = FALSE
	EndGlobalSection
	GlobalSection(ExtensibilityGlobals) = postSolution
		SolutionGuid = {D7088F7F-0E05-4756-B0F2-CCF8E39975B6}
	EndGlobalSection
EndGlobal
